
Microsoft Visual Studio Solution File, Format Version 12.00
# Visual Studio Version 17
VisualStudioVersion = 17.0.32112.339
MinimumVisualStudioVersion = 10.0.40219.1
Project("{9A19103F-16F7-4668-BE54-9A1E7A4F7556}") = "InfinityServer", "InfinityServer\InfinityServer.csproj", "{CAE52F49-2B95-47F0-91A1-0E4FA62A8E77}"
EndProject
Project("{FAE04EC0-301F-11D3-BF4B-00C04F79EFBC}") = "InfinityClient", "InfinityClient\InfinityClient.csproj", "{8CBBBA5A-B594-4A65-832A-1FB54B7563E2}"
EndProject
Project("{9A19103F-16F7-4668-BE54-9A1E7A4F7556}") = "InfinityProtocol", "InfinityProtocol\InfinityProtocol.csproj", "{9A63433A-7DBD-4618-829A-E1AF3615CAD0}"
EndProject
Global
	GlobalSection(SolutionConfigurationPlatforms) = preSolution
		Debug|Any CPU = Debug|Any CPU
		Release|Any CPU = Release|Any CPU
	EndGlobalSection
	GlobalSection(ProjectConfigurationPlatforms) = postSolution
		{CAE52F49-2B95-47F0-91A1-0E4FA62A8E77}.Debug|Any CPU.ActiveCfg = Debug|Any CPU
		{CAE52F49-2B95-47F0-91A1-0E4FA62A8E77}.Debug|Any CPU.Build.0 = Debug|Any CPU
		{CAE52F49-2B95-47F0-91A1-0E4FA62A8E77}.Release|Any CPU.ActiveCfg = Release|Any CPU
		{CAE52F49-2B95-47F0-91A1-0E4FA62A8E77}.Release|Any CPU.Build.0 = Release|Any CPU
		{8CBBBA5A-B594-4A65-832A-1FB54B7563E2}.Debug|Any CPU.ActiveCfg = Debug|Any CPU
		{8CBBBA5A-B594-4A65-832A-1FB54B7563E2}.Debug|Any CPU.Build.0 = Debug|Any CPU
		{8CBBBA5A-B594-4A65-832A-1FB54B7563E2}.Release|Any CPU.ActiveCfg = Release|Any CPU
		{8CBBBA5A-B594-4A65-832A-1FB54B7563E2}.Release|Any CPU.Build.0 = Release|Any CPU
		{9A63433A-7DBD-4618-829A-E1AF3615CAD0}.Debug|Any CPU.ActiveCfg = Debug|Any CPU
		{9A63433A-7DBD-4618-829A-E1AF3615CAD0}.Debug|Any CPU.Build.0 = Debug|Any CPU
		{9A63433A-7DBD-4618-829A-E1AF3615CAD0}.Release|Any CPU.ActiveCfg = Release|Any CPU
		{9A63433A-7DBD-4618-829A-E1AF3615CAD0}.Release|Any CPU.Build.0 = Release|Any CPU
	EndGlobalSection
	GlobalSection(SolutionProperties) = preSolution
		HideSolutionNode = FALSE
	EndGlobalSection
	GlobalSection(ExtensibilityGlobals) = postSolution
		SolutionGuid = {9B6FFD74-67BA-4AC1-8F11-1D3519DD66DB}
	EndGlobalSection
EndGlobal
